
Microsoft Visual Studio Solution File, Format Version 12.00
# Visual Studio 15
VisualStudioVersion = 15.0.28010.2041
MinimumVisualStudioVersion = 10.0.40219.1
Project("{FAE04EC0-301F-11D3-BF4B-00C04F79EFBC}") = "BackendExam", "BackendExam\BackendExam.csproj", "{4A97D0FF-7791-466D-9DB5-DFD6216A6C1A}"
EndProject
Project("{FAE04EC0-301F-11D3-BF4B-00C04F79EFBC}") = "BackendExamModel", "BackendExamModel\BackendExamModel.csproj", "{6F64AE99-3B4C-423A-B2CF-1460BB272666}"
EndProject
Project("{FAE04EC0-301F-11D3-BF4B-00C04F79EFBC}") = "BackendExamDAL", "BackendExamDAL\BackendExamDAL.csproj", "{AC40538E-F818-4F04-876F-4889CD7BF9F7}"
EndProject
Global
	GlobalSection(SolutionConfigurationPlatforms) = preSolution
		Debug|Any CPU = Debug|Any CPU
		Release|Any CPU = Release|Any CPU
	EndGlobalSection
	GlobalSection(ProjectConfigurationPlatforms) = postSolution
		{4A97D0FF-7791-466D-9DB5-DFD6216A6C1A}.Debug|Any CPU.ActiveCfg = Debug|Any CPU
		{4A97D0FF-7791-466D-9DB5-DFD6216A6C1A}.Debug|Any CPU.Build.0 = Debug|Any CPU
		{4A97D0FF-7791-466D-9DB5-DFD6216A6C1A}.Release|Any CPU.ActiveCfg = Release|Any CPU
		{4A97D0FF-7791-466D-9DB5-DFD6216A6C1A}.Release|Any CPU.Build.0 = Release|Any CPU
		{6F64AE99-3B4C-423A-B2CF-1460BB272666}.Debug|Any CPU.ActiveCfg = Debug|Any CPU
		{6F64AE99-3B4C-423A-B2CF-1460BB272666}.Debug|Any CPU.Build.0 = Debug|Any CPU
		{6F64AE99-3B4C-423A-B2CF-1460BB272666}.Release|Any CPU.ActiveCfg = Release|Any CPU
		{6F64AE99-3B4C-423A-B2CF-1460BB272666}.Release|Any CPU.Build.0 = Release|Any CPU
		{AC40538E-F818-4F04-876F-4889CD7BF9F7}.Debug|Any CPU.ActiveCfg = Debug|Any CPU
		{AC40538E-F818-4F04-876F-4889CD7BF9F7}.Debug|Any CPU.Build.0 = Debug|Any CPU
		{AC40538E-F818-4F04-876F-4889CD7BF9F7}.Release|Any CPU.ActiveCfg = Release|Any CPU
		{AC40538E-F818-4F04-876F-4889CD7BF9F7}.Release|Any CPU.Build.0 = Release|Any CPU
	EndGlobalSection
	GlobalSection(SolutionProperties) = preSolution
		HideSolutionNode = FALSE
	EndGlobalSection
	GlobalSection(ExtensibilityGlobals) = postSolution
		SolutionGuid = {DED14FA1-7B0D-4966-8118-C501CF8FE6A7}
	EndGlobalSection
EndGlobal
